
Microsoft Visual Studio Solution File, Format Version 12.00
# Visual Studio Version 17
VisualStudioVersion = 17.9.34622.214
MinimumVisualStudioVersion = 10.0.40219.1
Project("{FAE04EC0-301F-11D3-BF4B-00C04F79EFBC}") = "3zad", "3zad.csproj", "{7BFC9DBF-35CA-4A43-B5B9-861D5B2E1BB2}"
EndProject
Global
	GlobalSection(SolutionConfigurationPlatforms) = preSolution
		Debug|Any CPU = Debug|Any CPU
		Release|Any CPU = Release|Any CPU
	EndGlobalSection
	GlobalSection(ProjectConfigurationPlatforms) = postSolution
		{7BFC9DBF-35CA-4A43-B5B9-861D5B2E1BB2}.Debug|Any CPU.ActiveCfg = Debug|Any CPU
		{7BFC9DBF-35CA-4A43-B5B9-861D5B2E1BB2}.Debug|Any CPU.Build.0 = Debug|Any CPU
		{7BFC9DBF-35CA-4A43-B5B9-861D5B2E1BB2}.Release|Any CPU.ActiveCfg = Release|Any CPU
		{7BFC9DBF-35CA-4A43-B5B9-861D5B2E1BB2}.Release|Any CPU.Build.0 = Release|Any CPU
	EndGlobalSection
	GlobalSection(SolutionProperties) = preSolution
		HideSolutionNode = FALSE
	EndGlobalSection
	GlobalSection(ExtensibilityGlobals) = postSolution
		SolutionGuid = {880B51D5-A979-4986-8FE2-20B05C7204F4}
	EndGlobalSection
EndGlobal
