
Microsoft Visual Studio Solution File, Format Version 12.00
# Visual Studio Version 17
VisualStudioVersion = 17.8.34525.116
MinimumVisualStudioVersion = 10.0.40219.1
Project("{FAE04EC0-301F-11D3-BF4B-00C04F79EFBC}") = "TrianglesType", "TrianglesType.csproj", "{DED1D28F-4DCF-44EF-B639-EEAA438DA49B}"
EndProject
Global
	GlobalSection(SolutionConfigurationPlatforms) = preSolution
		Debug|Any CPU = Debug|Any CPU
		Release|Any CPU = Release|Any CPU
	EndGlobalSection
	GlobalSection(ProjectConfigurationPlatforms) = postSolution
		{DED1D28F-4DCF-44EF-B639-EEAA438DA49B}.Debug|Any CPU.ActiveCfg = Debug|Any CPU
		{DED1D28F-4DCF-44EF-B639-EEAA438DA49B}.Debug|Any CPU.Build.0 = Debug|Any CPU
		{DED1D28F-4DCF-44EF-B639-EEAA438DA49B}.Release|Any CPU.ActiveCfg = Release|Any CPU
		{DED1D28F-4DCF-44EF-B639-EEAA438DA49B}.Release|Any CPU.Build.0 = Release|Any CPU
	EndGlobalSection
	GlobalSection(SolutionProperties) = preSolution
		HideSolutionNode = FALSE
	EndGlobalSection
	GlobalSection(ExtensibilityGlobals) = postSolution
		SolutionGuid = {5BA38942-DC5E-4500-AD7D-A7CAA70D199A}
	EndGlobalSection
EndGlobal
