
Microsoft Visual Studio Solution File, Format Version 12.00
# Visual Studio Version 17
VisualStudioVersion = 17.9.34714.143
MinimumVisualStudioVersion = 10.0.40219.1
Project("{FAE04EC0-301F-11D3-BF4B-00C04F79EFBC}") = "1zad", "1zad.csproj", "{1F9E111E-A61F-41DD-9BF4-B89648E429D8}"
EndProject
Global
	GlobalSection(SolutionConfigurationPlatforms) = preSolution
		Debug|Any CPU = Debug|Any CPU
		Release|Any CPU = Release|Any CPU
	EndGlobalSection
	GlobalSection(ProjectConfigurationPlatforms) = postSolution
		{1F9E111E-A61F-41DD-9BF4-B89648E429D8}.Debug|Any CPU.ActiveCfg = Debug|Any CPU
		{1F9E111E-A61F-41DD-9BF4-B89648E429D8}.Debug|Any CPU.Build.0 = Debug|Any CPU
		{1F9E111E-A61F-41DD-9BF4-B89648E429D8}.Release|Any CPU.ActiveCfg = Release|Any CPU
		{1F9E111E-A61F-41DD-9BF4-B89648E429D8}.Release|Any CPU.Build.0 = Release|Any CPU
	EndGlobalSection
	GlobalSection(SolutionProperties) = preSolution
		HideSolutionNode = FALSE
	EndGlobalSection
	GlobalSection(ExtensibilityGlobals) = postSolution
		SolutionGuid = {65C73D6F-8072-457A-AA4A-98ED2ED3150A}
	EndGlobalSection
EndGlobal
