
Microsoft Visual Studio Solution File, Format Version 12.00
# Visual Studio Version 17
VisualStudioVersion = 17.9.34728.123
MinimumVisualStudioVersion = 10.0.40219.1
Project("{FAE04EC0-301F-11D3-BF4B-00C04F79EFBC}") = "KursRab", "KursRab.csproj", "{F88667E3-E5BE-4FFF-911D-F5FCE0449088}"
EndProject
Global
	GlobalSection(SolutionConfigurationPlatforms) = preSolution
		Debug|Any CPU = Debug|Any CPU
		Release|Any CPU = Release|Any CPU
	EndGlobalSection
	GlobalSection(ProjectConfigurationPlatforms) = postSolution
		{F88667E3-E5BE-4FFF-911D-F5FCE0449088}.Debug|Any CPU.ActiveCfg = Debug|Any CPU
		{F88667E3-E5BE-4FFF-911D-F5FCE0449088}.Debug|Any CPU.Build.0 = Debug|Any CPU
		{F88667E3-E5BE-4FFF-911D-F5FCE0449088}.Release|Any CPU.ActiveCfg = Release|Any CPU
		{F88667E3-E5BE-4FFF-911D-F5FCE0449088}.Release|Any CPU.Build.0 = Release|Any CPU
	EndGlobalSection
	GlobalSection(SolutionProperties) = preSolution
		HideSolutionNode = FALSE
	EndGlobalSection
	GlobalSection(ExtensibilityGlobals) = postSolution
		SolutionGuid = {298BAA1E-BE9E-4E8E-A5CA-9AA748C41FA2}
	EndGlobalSection
EndGlobal
