
Microsoft Visual Studio Solution File, Format Version 12.00
# Visual Studio Version 17
VisualStudioVersion = 17.9.34714.143
MinimumVisualStudioVersion = 10.0.40219.1
Project("{FAE04EC0-301F-11D3-BF4B-00C04F79EFBC}") = "AnniversaryCard", "AnniversaryCard.csproj", "{42B19F56-4A46-4827-9702-0776C58CCE64}"
EndProject
Global
	GlobalSection(SolutionConfigurationPlatforms) = preSolution
		Debug|Any CPU = Debug|Any CPU
		Release|Any CPU = Release|Any CPU
	EndGlobalSection
	GlobalSection(ProjectConfigurationPlatforms) = postSolution
		{42B19F56-4A46-4827-9702-0776C58CCE64}.Debug|Any CPU.ActiveCfg = Debug|Any CPU
		{42B19F56-4A46-4827-9702-0776C58CCE64}.Debug|Any CPU.Build.0 = Debug|Any CPU
		{42B19F56-4A46-4827-9702-0776C58CCE64}.Release|Any CPU.ActiveCfg = Release|Any CPU
		{42B19F56-4A46-4827-9702-0776C58CCE64}.Release|Any CPU.Build.0 = Release|Any CPU
	EndGlobalSection
	GlobalSection(SolutionProperties) = preSolution
		HideSolutionNode = FALSE
	EndGlobalSection
	GlobalSection(ExtensibilityGlobals) = postSolution
		SolutionGuid = {95C66A0E-5055-4833-8303-400F95A8E29E}
	EndGlobalSection
EndGlobal
