
Microsoft Visual Studio Solution File, Format Version 12.00
# Visual Studio Version 17
VisualStudioVersion = 17.9.34616.47
MinimumVisualStudioVersion = 10.0.40219.1
Project("{FAE04EC0-301F-11D3-BF4B-00C04F79EFBC}") = "Arrays", "Arrays.csproj", "{923796FD-FA75-47EE-830D-E6A4F8078396}"
EndProject
Global
	GlobalSection(SolutionConfigurationPlatforms) = preSolution
		Debug|Any CPU = Debug|Any CPU
		Release|Any CPU = Release|Any CPU
	EndGlobalSection
	GlobalSection(ProjectConfigurationPlatforms) = postSolution
		{923796FD-FA75-47EE-830D-E6A4F8078396}.Debug|Any CPU.ActiveCfg = Debug|Any CPU
		{923796FD-FA75-47EE-830D-E6A4F8078396}.Debug|Any CPU.Build.0 = Debug|Any CPU
		{923796FD-FA75-47EE-830D-E6A4F8078396}.Release|Any CPU.ActiveCfg = Release|Any CPU
		{923796FD-FA75-47EE-830D-E6A4F8078396}.Release|Any CPU.Build.0 = Release|Any CPU
	EndGlobalSection
	GlobalSection(SolutionProperties) = preSolution
		HideSolutionNode = FALSE
	EndGlobalSection
	GlobalSection(ExtensibilityGlobals) = postSolution
		SolutionGuid = {E0F9E9F8-C40B-470E-9344-EF72E0411887}
	EndGlobalSection
EndGlobal
