
Microsoft Visual Studio Solution File, Format Version 12.00
# Visual Studio Version 17
VisualStudioVersion = 17.9.34622.214
MinimumVisualStudioVersion = 10.0.40219.1
Project("{FAE04EC0-301F-11D3-BF4B-00C04F79EFBC}") = "1zad", "1zad.csproj", "{6EE70081-7592-4D05-AE22-7F8B78ADDE3C}"
EndProject
Global
	GlobalSection(SolutionConfigurationPlatforms) = preSolution
		Debug|Any CPU = Debug|Any CPU
		Release|Any CPU = Release|Any CPU
	EndGlobalSection
	GlobalSection(ProjectConfigurationPlatforms) = postSolution
		{6EE70081-7592-4D05-AE22-7F8B78ADDE3C}.Debug|Any CPU.ActiveCfg = Debug|Any CPU
		{6EE70081-7592-4D05-AE22-7F8B78ADDE3C}.Debug|Any CPU.Build.0 = Debug|Any CPU
		{6EE70081-7592-4D05-AE22-7F8B78ADDE3C}.Release|Any CPU.ActiveCfg = Release|Any CPU
		{6EE70081-7592-4D05-AE22-7F8B78ADDE3C}.Release|Any CPU.Build.0 = Release|Any CPU
	EndGlobalSection
	GlobalSection(SolutionProperties) = preSolution
		HideSolutionNode = FALSE
	EndGlobalSection
	GlobalSection(ExtensibilityGlobals) = postSolution
		SolutionGuid = {0DCB6558-E172-4855-9082-81BEB3E2D90D}
	EndGlobalSection
EndGlobal
