
Microsoft Visual Studio Solution File, Format Version 12.00
# Visual Studio Version 17
VisualStudioVersion = 17.9.34616.47
MinimumVisualStudioVersion = 10.0.40219.1
Project("{FAE04EC0-301F-11D3-BF4B-00C04F79EFBC}") = "6zad", "6zad.csproj", "{21174835-4DDD-4805-A347-F83762B9B1CF}"
EndProject
Global
	GlobalSection(SolutionConfigurationPlatforms) = preSolution
		Debug|Any CPU = Debug|Any CPU
		Release|Any CPU = Release|Any CPU
	EndGlobalSection
	GlobalSection(ProjectConfigurationPlatforms) = postSolution
		{21174835-4DDD-4805-A347-F83762B9B1CF}.Debug|Any CPU.ActiveCfg = Debug|Any CPU
		{21174835-4DDD-4805-A347-F83762B9B1CF}.Debug|Any CPU.Build.0 = Debug|Any CPU
		{21174835-4DDD-4805-A347-F83762B9B1CF}.Release|Any CPU.ActiveCfg = Release|Any CPU
		{21174835-4DDD-4805-A347-F83762B9B1CF}.Release|Any CPU.Build.0 = Release|Any CPU
	EndGlobalSection
	GlobalSection(SolutionProperties) = preSolution
		HideSolutionNode = FALSE
	EndGlobalSection
	GlobalSection(ExtensibilityGlobals) = postSolution
		SolutionGuid = {C4328DC5-FD38-4952-BF6E-A9A62ADCE19C}
	EndGlobalSection
EndGlobal
