
Microsoft Visual Studio Solution File, Format Version 12.00
# Visual Studio Version 17
VisualStudioVersion = 17.8.34525.116
MinimumVisualStudioVersion = 10.0.40219.1
Project("{FAE04EC0-301F-11D3-BF4B-00C04F79EFBC}") = "Area", "Area.csproj", "{632D519C-508B-4188-BDE2-1904E039200D}"
EndProject
Global
	GlobalSection(SolutionConfigurationPlatforms) = preSolution
		Debug|Any CPU = Debug|Any CPU
		Release|Any CPU = Release|Any CPU
	EndGlobalSection
	GlobalSection(ProjectConfigurationPlatforms) = postSolution
		{632D519C-508B-4188-BDE2-1904E039200D}.Debug|Any CPU.ActiveCfg = Debug|Any CPU
		{632D519C-508B-4188-BDE2-1904E039200D}.Debug|Any CPU.Build.0 = Debug|Any CPU
		{632D519C-508B-4188-BDE2-1904E039200D}.Release|Any CPU.ActiveCfg = Release|Any CPU
		{632D519C-508B-4188-BDE2-1904E039200D}.Release|Any CPU.Build.0 = Release|Any CPU
	EndGlobalSection
	GlobalSection(SolutionProperties) = preSolution
		HideSolutionNode = FALSE
	EndGlobalSection
	GlobalSection(ExtensibilityGlobals) = postSolution
		SolutionGuid = {E099DC6F-7D9C-461B-9B87-91A7EB034BD5}
	EndGlobalSection
EndGlobal
