
Microsoft Visual Studio Solution File, Format Version 12.00
# Visual Studio Version 17
VisualStudioVersion = 17.7.34202.233
MinimumVisualStudioVersion = 10.0.40219.1
Project("{8BC9CEB8-8B4A-11D0-8D11-00A0C91BC942}") = "1zad_3", "1zad_3.vcxproj", "{3994E7E7-26B3-4F57-BB27-51D4721BEF39}"
EndProject
Global
	GlobalSection(SolutionConfigurationPlatforms) = preSolution
		Debug|x64 = Debug|x64
		Debug|x86 = Debug|x86
		Release|x64 = Release|x64
		Release|x86 = Release|x86
	EndGlobalSection
	GlobalSection(ProjectConfigurationPlatforms) = postSolution
		{3994E7E7-26B3-4F57-BB27-51D4721BEF39}.Debug|x64.ActiveCfg = Debug|x64
		{3994E7E7-26B3-4F57-BB27-51D4721BEF39}.Debug|x64.Build.0 = Debug|x64
		{3994E7E7-26B3-4F57-BB27-51D4721BEF39}.Debug|x86.ActiveCfg = Debug|Win32
		{3994E7E7-26B3-4F57-BB27-51D4721BEF39}.Debug|x86.Build.0 = Debug|Win32
		{3994E7E7-26B3-4F57-BB27-51D4721BEF39}.Release|x64.ActiveCfg = Release|x64
		{3994E7E7-26B3-4F57-BB27-51D4721BEF39}.Release|x64.Build.0 = Release|x64
		{3994E7E7-26B3-4F57-BB27-51D4721BEF39}.Release|x86.ActiveCfg = Release|Win32
		{3994E7E7-26B3-4F57-BB27-51D4721BEF39}.Release|x86.Build.0 = Release|Win32
	EndGlobalSection
	GlobalSection(SolutionProperties) = preSolution
		HideSolutionNode = FALSE
	EndGlobalSection
	GlobalSection(ExtensibilityGlobals) = postSolution
		SolutionGuid = {9BF4E142-CA19-44D1-9DFF-65BDD5B0A637}
	EndGlobalSection
EndGlobal
