
Microsoft Visual Studio Solution File, Format Version 12.00
# Visual Studio Version 17
VisualStudioVersion = 17.14.36212.18 d17.14
MinimumVisualStudioVersion = 10.0.40219.1
Project("{FAE04EC0-301F-11D3-BF4B-00C04F79EFBC}") = "Lists_Cities", "Lists_Cities.csproj", "{ED095454-5C7B-4D77-B33B-E4F84C68FF74}"
EndProject
Global
	GlobalSection(SolutionConfigurationPlatforms) = preSolution
		Debug|Any CPU = Debug|Any CPU
		Release|Any CPU = Release|Any CPU
	EndGlobalSection
	GlobalSection(ProjectConfigurationPlatforms) = postSolution
		{ED095454-5C7B-4D77-B33B-E4F84C68FF74}.Debug|Any CPU.ActiveCfg = Debug|Any CPU
		{ED095454-5C7B-4D77-B33B-E4F84C68FF74}.Debug|Any CPU.Build.0 = Debug|Any CPU
		{ED095454-5C7B-4D77-B33B-E4F84C68FF74}.Release|Any CPU.ActiveCfg = Release|Any CPU
		{ED095454-5C7B-4D77-B33B-E4F84C68FF74}.Release|Any CPU.Build.0 = Release|Any CPU
	EndGlobalSection
	GlobalSection(SolutionProperties) = preSolution
		HideSolutionNode = FALSE
	EndGlobalSection
	GlobalSection(ExtensibilityGlobals) = postSolution
		SolutionGuid = {F7BCFAA4-3E74-4490-B95F-2FB2079FD90F}
	EndGlobalSection
EndGlobal
