
Microsoft Visual Studio Solution File, Format Version 12.00
# Visual Studio Version 17
VisualStudioVersion = 17.9.34616.47
MinimumVisualStudioVersion = 10.0.40219.1
Project("{FAE04EC0-301F-11D3-BF4B-00C04F79EFBC}") = "Rows", "Rows.csproj", "{179A0BEC-9770-4EB1-8DAD-8B5E439CA10E}"
EndProject
Global
	GlobalSection(SolutionConfigurationPlatforms) = preSolution
		Debug|Any CPU = Debug|Any CPU
		Release|Any CPU = Release|Any CPU
	EndGlobalSection
	GlobalSection(ProjectConfigurationPlatforms) = postSolution
		{179A0BEC-9770-4EB1-8DAD-8B5E439CA10E}.Debug|Any CPU.ActiveCfg = Debug|Any CPU
		{179A0BEC-9770-4EB1-8DAD-8B5E439CA10E}.Debug|Any CPU.Build.0 = Debug|Any CPU
		{179A0BEC-9770-4EB1-8DAD-8B5E439CA10E}.Release|Any CPU.ActiveCfg = Release|Any CPU
		{179A0BEC-9770-4EB1-8DAD-8B5E439CA10E}.Release|Any CPU.Build.0 = Release|Any CPU
	EndGlobalSection
	GlobalSection(SolutionProperties) = preSolution
		HideSolutionNode = FALSE
	EndGlobalSection
	GlobalSection(ExtensibilityGlobals) = postSolution
		SolutionGuid = {84CFF045-3544-4B43-9ADE-760D1B6AEC83}
	EndGlobalSection
EndGlobal
