
Microsoft Visual Studio Solution File, Format Version 12.00
# Visual Studio Version 17
VisualStudioVersion = 17.8.34525.116
MinimumVisualStudioVersion = 10.0.40219.1
Project("{FAE04EC0-301F-11D3-BF4B-00C04F79EFBC}") = "SqrtUravn", "SqrtUravn.csproj", "{EEEB4259-F02C-46BF-A91C-BC325D8C1EE2}"
EndProject
Global
	GlobalSection(SolutionConfigurationPlatforms) = preSolution
		Debug|Any CPU = Debug|Any CPU
		Release|Any CPU = Release|Any CPU
	EndGlobalSection
	GlobalSection(ProjectConfigurationPlatforms) = postSolution
		{EEEB4259-F02C-46BF-A91C-BC325D8C1EE2}.Debug|Any CPU.ActiveCfg = Debug|Any CPU
		{EEEB4259-F02C-46BF-A91C-BC325D8C1EE2}.Debug|Any CPU.Build.0 = Debug|Any CPU
		{EEEB4259-F02C-46BF-A91C-BC325D8C1EE2}.Release|Any CPU.ActiveCfg = Release|Any CPU
		{EEEB4259-F02C-46BF-A91C-BC325D8C1EE2}.Release|Any CPU.Build.0 = Release|Any CPU
	EndGlobalSection
	GlobalSection(SolutionProperties) = preSolution
		HideSolutionNode = FALSE
	EndGlobalSection
	GlobalSection(ExtensibilityGlobals) = postSolution
		SolutionGuid = {B109B264-8170-403E-8056-EEDEB4502DBD}
	EndGlobalSection
EndGlobal
