
Microsoft Visual Studio Solution File, Format Version 12.00
# Visual Studio Version 17
VisualStudioVersion = 17.9.34616.47
MinimumVisualStudioVersion = 10.0.40219.1
Project("{FAE04EC0-301F-11D3-BF4B-00C04F79EFBC}") = "DaysInMonth", "DaysInMonth.csproj", "{421171C3-C281-4C03-B1DA-21C97A1EE43B}"
EndProject
Global
	GlobalSection(SolutionConfigurationPlatforms) = preSolution
		Debug|Any CPU = Debug|Any CPU
		Release|Any CPU = Release|Any CPU
	EndGlobalSection
	GlobalSection(ProjectConfigurationPlatforms) = postSolution
		{421171C3-C281-4C03-B1DA-21C97A1EE43B}.Debug|Any CPU.ActiveCfg = Debug|Any CPU
		{421171C3-C281-4C03-B1DA-21C97A1EE43B}.Debug|Any CPU.Build.0 = Debug|Any CPU
		{421171C3-C281-4C03-B1DA-21C97A1EE43B}.Release|Any CPU.ActiveCfg = Release|Any CPU
		{421171C3-C281-4C03-B1DA-21C97A1EE43B}.Release|Any CPU.Build.0 = Release|Any CPU
	EndGlobalSection
	GlobalSection(SolutionProperties) = preSolution
		HideSolutionNode = FALSE
	EndGlobalSection
	GlobalSection(ExtensibilityGlobals) = postSolution
		SolutionGuid = {1ED4DCFC-438D-434B-B025-764CD2BD096B}
	EndGlobalSection
EndGlobal
