
Microsoft Visual Studio Solution File, Format Version 12.00
# Visual Studio Version 17
VisualStudioVersion = 17.9.34616.47
MinimumVisualStudioVersion = 10.0.40219.1
Project("{FAE04EC0-301F-11D3-BF4B-00C04F79EFBC}") = "TemperatureAmplitude", "TemperatureAmplitude.csproj", "{F8090C9D-2C0D-4E7A-B118-87348F95DD4E}"
EndProject
Global
	GlobalSection(SolutionConfigurationPlatforms) = preSolution
		Debug|Any CPU = Debug|Any CPU
		Release|Any CPU = Release|Any CPU
	EndGlobalSection
	GlobalSection(ProjectConfigurationPlatforms) = postSolution
		{F8090C9D-2C0D-4E7A-B118-87348F95DD4E}.Debug|Any CPU.ActiveCfg = Debug|Any CPU
		{F8090C9D-2C0D-4E7A-B118-87348F95DD4E}.Debug|Any CPU.Build.0 = Debug|Any CPU
		{F8090C9D-2C0D-4E7A-B118-87348F95DD4E}.Release|Any CPU.ActiveCfg = Release|Any CPU
		{F8090C9D-2C0D-4E7A-B118-87348F95DD4E}.Release|Any CPU.Build.0 = Release|Any CPU
	EndGlobalSection
	GlobalSection(SolutionProperties) = preSolution
		HideSolutionNode = FALSE
	EndGlobalSection
	GlobalSection(ExtensibilityGlobals) = postSolution
		SolutionGuid = {3015DA9C-6EB1-452C-A712-75F4F747F544}
	EndGlobalSection
EndGlobal
