
Microsoft Visual Studio Solution File, Format Version 12.00
# Visual Studio Version 17
VisualStudioVersion = 17.8.34525.116
MinimumVisualStudioVersion = 10.0.40219.1
Project("{FAE04EC0-301F-11D3-BF4B-00C04F79EFBC}") = "StValentine", "StValentine.csproj", "{67758A94-4209-42A1-8C1C-82CB018AFEEE}"
EndProject
Global
	GlobalSection(SolutionConfigurationPlatforms) = preSolution
		Debug|Any CPU = Debug|Any CPU
		Release|Any CPU = Release|Any CPU
	EndGlobalSection
	GlobalSection(ProjectConfigurationPlatforms) = postSolution
		{67758A94-4209-42A1-8C1C-82CB018AFEEE}.Debug|Any CPU.ActiveCfg = Debug|Any CPU
		{67758A94-4209-42A1-8C1C-82CB018AFEEE}.Debug|Any CPU.Build.0 = Debug|Any CPU
		{67758A94-4209-42A1-8C1C-82CB018AFEEE}.Release|Any CPU.ActiveCfg = Release|Any CPU
		{67758A94-4209-42A1-8C1C-82CB018AFEEE}.Release|Any CPU.Build.0 = Release|Any CPU
	EndGlobalSection
	GlobalSection(SolutionProperties) = preSolution
		HideSolutionNode = FALSE
	EndGlobalSection
	GlobalSection(ExtensibilityGlobals) = postSolution
		SolutionGuid = {9CD4B35B-AEE1-4D93-855D-528F4A345F18}
	EndGlobalSection
EndGlobal
