
Microsoft Visual Studio Solution File, Format Version 12.00
# Visual Studio Version 17
VisualStudioVersion = 17.9.34714.143
MinimumVisualStudioVersion = 10.0.40219.1
Project("{FAE04EC0-301F-11D3-BF4B-00C04F79EFBC}") = "2zad", "2zad.csproj", "{0612BFA8-42EC-4918-8F5A-01994D7476A2}"
EndProject
Global
	GlobalSection(SolutionConfigurationPlatforms) = preSolution
		Debug|Any CPU = Debug|Any CPU
		Release|Any CPU = Release|Any CPU
	EndGlobalSection
	GlobalSection(ProjectConfigurationPlatforms) = postSolution
		{0612BFA8-42EC-4918-8F5A-01994D7476A2}.Debug|Any CPU.ActiveCfg = Debug|Any CPU
		{0612BFA8-42EC-4918-8F5A-01994D7476A2}.Debug|Any CPU.Build.0 = Debug|Any CPU
		{0612BFA8-42EC-4918-8F5A-01994D7476A2}.Release|Any CPU.ActiveCfg = Release|Any CPU
		{0612BFA8-42EC-4918-8F5A-01994D7476A2}.Release|Any CPU.Build.0 = Release|Any CPU
	EndGlobalSection
	GlobalSection(SolutionProperties) = preSolution
		HideSolutionNode = FALSE
	EndGlobalSection
	GlobalSection(ExtensibilityGlobals) = postSolution
		SolutionGuid = {3925BA04-9EA3-49BF-859F-CC41105B04B7}
	EndGlobalSection
EndGlobal
