
Microsoft Visual Studio Solution File, Format Version 12.00
# Visual Studio Version 17
VisualStudioVersion = 17.9.34714.143
MinimumVisualStudioVersion = 10.0.40219.1
Project("{FAE04EC0-301F-11D3-BF4B-00C04F79EFBC}") = "6_1zad", "6_1zad.csproj", "{63F1BFDC-DAAF-42D0-B01B-7D161214069B}"
EndProject
Global
	GlobalSection(SolutionConfigurationPlatforms) = preSolution
		Debug|Any CPU = Debug|Any CPU
		Release|Any CPU = Release|Any CPU
	EndGlobalSection
	GlobalSection(ProjectConfigurationPlatforms) = postSolution
		{63F1BFDC-DAAF-42D0-B01B-7D161214069B}.Debug|Any CPU.ActiveCfg = Debug|Any CPU
		{63F1BFDC-DAAF-42D0-B01B-7D161214069B}.Debug|Any CPU.Build.0 = Debug|Any CPU
		{63F1BFDC-DAAF-42D0-B01B-7D161214069B}.Release|Any CPU.ActiveCfg = Release|Any CPU
		{63F1BFDC-DAAF-42D0-B01B-7D161214069B}.Release|Any CPU.Build.0 = Release|Any CPU
	EndGlobalSection
	GlobalSection(SolutionProperties) = preSolution
		HideSolutionNode = FALSE
	EndGlobalSection
	GlobalSection(ExtensibilityGlobals) = postSolution
		SolutionGuid = {85653AF3-E4B5-4069-8983-FA87607B103A}
	EndGlobalSection
EndGlobal
