
Microsoft Visual Studio Solution File, Format Version 12.00
# Visual Studio Version 17
VisualStudioVersion = 17.8.34525.116
MinimumVisualStudioVersion = 10.0.40219.1
Project("{FAE04EC0-301F-11D3-BF4B-00C04F79EFBC}") = "EnterPosNumb", "EnterPosNumb.csproj", "{C262DFCB-1A78-41F7-8632-C1D09C69806E}"
EndProject
Global
	GlobalSection(SolutionConfigurationPlatforms) = preSolution
		Debug|Any CPU = Debug|Any CPU
		Release|Any CPU = Release|Any CPU
	EndGlobalSection
	GlobalSection(ProjectConfigurationPlatforms) = postSolution
		{C262DFCB-1A78-41F7-8632-C1D09C69806E}.Debug|Any CPU.ActiveCfg = Debug|Any CPU
		{C262DFCB-1A78-41F7-8632-C1D09C69806E}.Debug|Any CPU.Build.0 = Debug|Any CPU
		{C262DFCB-1A78-41F7-8632-C1D09C69806E}.Release|Any CPU.ActiveCfg = Release|Any CPU
		{C262DFCB-1A78-41F7-8632-C1D09C69806E}.Release|Any CPU.Build.0 = Release|Any CPU
	EndGlobalSection
	GlobalSection(SolutionProperties) = preSolution
		HideSolutionNode = FALSE
	EndGlobalSection
	GlobalSection(ExtensibilityGlobals) = postSolution
		SolutionGuid = {CCE7C379-132A-4BE7-BC22-383440CFCB63}
	EndGlobalSection
EndGlobal
